// !$*UTF8*$!
{
	archiveVersion = 1;
	classes = {
	};
	objectVersion = 52;
	objects = {

/* Begin PBXBuildFile section */
		4F07C0F425E98F05009A5B73 /* Modulation.swift in Sources */ = {isa = PBXBuildFile; fileRef = 4F07C0F325E98F05009A5B73 /* Modulation.swift */; };
		4F21179525D5675A002DFB62 /* AudioFileExampleView.swift in Sources */ = {isa = PBXBuildFile; fileRef = 4F21179425D5675A002DFB62 /* AudioFileExampleView.swift */; };
		4F35978325D564B9001340E4 /* AudioFileView.swift in Sources */ = {isa = PBXBuildFile; fileRef = 4F35978225D564B9001340E4 /* AudioFileView.swift */; };
		4F43E06C25E7E7BE00196594 /* LittleThings.mp3 in Resources */ = {isa = PBXBuildFile; fileRef = 4F43E06425E7E7BE00196594 /* LittleThings.mp3 */; };
		4F43E06E25E7E7BE00196594 /* AnyKindOfWay.mp3 in Resources */ = {isa = PBXBuildFile; fileRef = 4F43E06625E7E7BE00196594 /* AnyKindOfWay.mp3 */; };
		4F43E06F25E7E7BE00196594 /* Break Loose.mp3 in Resources */ = {isa = PBXBuildFile; fileRef = 4F43E06725E7E7BE00196594 /* Break Loose.mp3 */; };
		4F43E07025E7E7BE00196594 /* Smoove Operator.mp3 in Resources */ = {isa = PBXBuildFile; fileRef = 4F43E06825E7E7BE00196594 /* Smoove Operator.mp3 */; };
		4F43E07225E7E7BE00196594 /* Sludgecrank.wav in Resources */ = {isa = PBXBuildFile; fileRef = 4F43E06B25E7E7BE00196594 /* Sludgecrank.wav */; };
		4F8174C825CC2C750023383D /* AudioRecipesApp.swift in Sources */ = {isa = PBXBuildFile; fileRef = 4F8174C725CC2C750023383D /* AudioRecipesApp.swift */; };
		4F8174CA25CC2C750023383D /* ContentView.swift in Sources */ = {isa = PBXBuildFile; fileRef = 4F8174C925CC2C750023383D /* ContentView.swift */; };
		4F8174CC25CC2C750023383D /* Assets.xcassets in Resources */ = {isa = PBXBuildFile; fileRef = 4F8174CB25CC2C750023383D /* Assets.xcassets */; };
		4F8174CF25CC2C750023383D /* Preview Assets.xcassets in Resources */ = {isa = PBXBuildFile; fileRef = 4F8174CE25CC2C750023383D /* Preview Assets.xcassets */; };
		4F8174D925CC2CED0023383D /* AudioKit in Frameworks */ = {isa = PBXBuildFile; productRef = 4F8174D825CC2CED0023383D /* AudioKit */; };
		4F8174DD25CC2D0C0023383D /* AudioKitUI in Frameworks */ = {isa = PBXBuildFile; productRef = 4F8174DC25CC2D0C0023383D /* AudioKitUI */; };
		4F8174E025CC2D730023383D /* Conductor.swift in Sources */ = {isa = PBXBuildFile; fileRef = 4F8174DF25CC2D730023383D /* Conductor.swift */; };
		4F8174EA25CC2DF10023383D /* TapView.swift in Sources */ = {isa = PBXBuildFile; fileRef = 4F8174E925CC2DF10023383D /* TapView.swift */; };
		4F8174ED25CC2E110023383D /* AmplitudeView.swift in Sources */ = {isa = PBXBuildFile; fileRef = 4F8174EC25CC2E110023383D /* AmplitudeView.swift */; };
		4F8174F025CC2E210023383D /* AmplitudeExampleView.swift in Sources */ = {isa = PBXBuildFile; fileRef = 4F8174EF25CC2E210023383D /* AmplitudeExampleView.swift */; };
		4F8174F325CC2E380023383D /* FilterView.swift in Sources */ = {isa = PBXBuildFile; fileRef = 4F8174F225CC2E380023383D /* FilterView.swift */; };
		4F8174F625CC2E460023383D /* FilterExampleView.swift in Sources */ = {isa = PBXBuildFile; fileRef = 4F8174F525CC2E460023383D /* FilterExampleView.swift */; };
		4F8174F925CC2E620023383D /* SpectrogramView.swift in Sources */ = {isa = PBXBuildFile; fileRef = 4F8174F825CC2E620023383D /* SpectrogramView.swift */; };
		4F8174FC25CC2E700023383D /* SpectrogramExampleView.swift in Sources */ = {isa = PBXBuildFile; fileRef = 4F8174FB25CC2E700023383D /* SpectrogramExampleView.swift */; };
		4F8174FF25CC2E880023383D /* SpectrumView.swift in Sources */ = {isa = PBXBuildFile; fileRef = 4F8174FE25CC2E880023383D /* SpectrumView.swift */; };
		4F81750225CC2E9A0023383D /* SpectrumPopupView.swift in Sources */ = {isa = PBXBuildFile; fileRef = 4F81750125CC2E9A0023383D /* SpectrumPopupView.swift */; };
		4F81750525CC2EA90023383D /* CircleCursorView.swift in Sources */ = {isa = PBXBuildFile; fileRef = 4F81750425CC2EA90023383D /* CircleCursorView.swift */; };
		4F81750825CC2EB90023383D /* SpectrumExampleView.swift in Sources */ = {isa = PBXBuildFile; fileRef = 4F81750725CC2EB90023383D /* SpectrumExampleView.swift */; };
		4F81750B25CC2EEA0023383D /* WavetableView.swift in Sources */ = {isa = PBXBuildFile; fileRef = 4F81750A25CC2EEA0023383D /* WavetableView.swift */; };
		4F81750E25CC2EFD0023383D /* WavetableExampleView.swift in Sources */ = {isa = PBXBuildFile; fileRef = 4F81750D25CC2EFD0023383D /* WavetableExampleView.swift */; };
		4F81751125CC2F290023383D /* FFTView.swift in Sources */ = {isa = PBXBuildFile; fileRef = 4F81751025CC2F290023383D /* FFTView.swift */; };
		4F81751425CC2F360023383D /* FFTExampleView.swift in Sources */ = {isa = PBXBuildFile; fileRef = 4F81751325CC2F360023383D /* FFTExampleView.swift */; };
		4F81751825CC2F6B0023383D /* MorphableShape.swift in Sources */ = {isa = PBXBuildFile; fileRef = 4F81751725CC2F6B0023383D /* MorphableShape.swift */; };
		4F81751B25CC2F7C0023383D /* ColorHelpers.swift in Sources */ = {isa = PBXBuildFile; fileRef = 4F81751A25CC2F7C0023383D /* ColorHelpers.swift */; };
		4F81752025CC2FCA0023383D /* customosc.c in Sources */ = {isa = PBXBuildFile; fileRef = 4F81751F25CC2FCA0023383D /* customosc.c */; };
		4F81752325CC2FF80023383D /* CustomOscillator.swift in Sources */ = {isa = PBXBuildFile; fileRef = 4F81752225CC2FF70023383D /* CustomOscillator.swift */; };
		4F81752625CC302C0023383D /* CustomOscillatorDSP.mm in Sources */ = {isa = PBXBuildFile; fileRef = 4F81752525CC302C0023383D /* CustomOscillatorDSP.mm */; };
		4F81752E25CC39750023383D /* Numerics in Frameworks */ = {isa = PBXBuildFile; productRef = 4F81752D25CC39750023383D /* Numerics */; };
		4F9CAD3125DFEA2B00BEA393 /* CPHelpers.swift in Sources */ = {isa = PBXBuildFile; fileRef = 4F9CAD3025DFEA2B00BEA393 /* CPHelpers.swift */; };
		4F9CAD3525E0A0D700BEA393 /* Marquee in Frameworks */ = {isa = PBXBuildFile; productRef = 4F9CAD3425E0A0D700BEA393 /* Marquee */; };
		4FACB49225DB5DA600CF2370 /* WavetableHelpers.swift in Sources */ = {isa = PBXBuildFile; fileRef = 4FACB49125DB5DA600CF2370 /* WavetableHelpers.swift */; };
		4FACB49525DB659A00CF2370 /* AudioAnalysisHelpers.swift in Sources */ = {isa = PBXBuildFile; fileRef = 4FACB49425DB659A00CF2370 /* AudioAnalysisHelpers.swift */; };
		4FB053DF25D40DD500E6F450 /* RepeatingTimer.swift in Sources */ = {isa = PBXBuildFile; fileRef = 4FB053DE25D40DD500E6F450 /* RepeatingTimer.swift */; };
		4FF23FF925D2C2B1002EC8C1 /* WavetableArrayExampleView.swift in Sources */ = {isa = PBXBuildFile; fileRef = 4FF23FF825D2C2B1002EC8C1 /* WavetableArrayExampleView.swift */; };
		FA3827F925E353E6006C4377 /* RollingAudioPlayerView.swift in Sources */ = {isa = PBXBuildFile; fileRef = FA3827F825E353E6006C4377 /* RollingAudioPlayerView.swift */; };
		FA3827FD25E35637006C4377 /* RollingAudioPlayerExampleView.swift in Sources */ = {isa = PBXBuildFile; fileRef = FA3827FC25E35637006C4377 /* RollingAudioPlayerExampleView.swift */; };
		FAA2D24C25D83B8900279A11 /* AudioPlayerView.swift in Sources */ = {isa = PBXBuildFile; fileRef = FAA2D24B25D83B8900279A11 /* AudioPlayerView.swift */; };
		FAA8AEA025D851390003C64D /* AudioPlayerExampleView.swift in Sources */ = {isa = PBXBuildFile; fileRef = FAA8AE9F25D851390003C64D /* AudioPlayerExampleView.swift */; };
		FAFB4C0225D22BDE00F64CB1 /* WavetableArrayView.swift in Sources */ = {isa = PBXBuildFile; fileRef = FAFB4C0125D22BDE00F64CB1 /* WavetableArrayView.swift */; };
/* End PBXBuildFile section */

/* Begin PBXFileReference section */
		4F07C0F325E98F05009A5B73 /* Modulation.swift */ = {isa = PBXFileReference; lastKnownFileType = sourcecode.swift; path = Modulation.swift; sourceTree = "<group>"; };
		4F21179425D5675A002DFB62 /* AudioFileExampleView.swift */ = {isa = PBXFileReference; lastKnownFileType = sourcecode.swift; path = AudioFileExampleView.swift; sourceTree = "<group>"; };
		4F21179725D5BC67002DFB62 /* AudioRecipes.entitlements */ = {isa = PBXFileReference; lastKnownFileType = text.plist.entitlements; path = AudioRecipes.entitlements; sourceTree = "<group>"; };
		4F35978225D564B9001340E4 /* AudioFileView.swift */ = {isa = PBXFileReference; lastKnownFileType = sourcecode.swift; path = AudioFileView.swift; sourceTree = "<group>"; };
		4F43E06425E7E7BE00196594 /* LittleThings.mp3 */ = {isa = PBXFileReference; lastKnownFileType = audio.mp3; path = LittleThings.mp3; sourceTree = "<group>"; };
		4F43E06625E7E7BE00196594 /* AnyKindOfWay.mp3 */ = {isa = PBXFileReference; lastKnownFileType = audio.mp3; path = AnyKindOfWay.mp3; sourceTree = "<group>"; };
		4F43E06725E7E7BE00196594 /* Break Loose.mp3 */ = {isa = PBXFileReference; lastKnownFileType = audio.mp3; path = "Break Loose.mp3"; sourceTree = "<group>"; };
		4F43E06825E7E7BE00196594 /* Smoove Operator.mp3 */ = {isa = PBXFileReference; lastKnownFileType = audio.mp3; path = "Smoove Operator.mp3"; sourceTree = "<group>"; };
		4F43E06B25E7E7BE00196594 /* Sludgecrank.wav */ = {isa = PBXFileReference; lastKnownFileType = audio.wav; path = Sludgecrank.wav; sourceTree = "<group>"; };
		4F8174C425CC2C750023383D /* AudioRecipes.app */ = {isa = PBXFileReference; explicitFileType = wrapper.application; includeInIndex = 0; path = AudioRecipes.app; sourceTree = BUILT_PRODUCTS_DIR; };
		4F8174C725CC2C750023383D /* AudioRecipesApp.swift */ = {isa = PBXFileReference; lastKnownFileType = sourcecode.swift; path = AudioRecipesApp.swift; sourceTree = "<group>"; };
		4F8174C925CC2C750023383D /* ContentView.swift */ = {isa = PBXFileReference; lastKnownFileType = sourcecode.swift; path = ContentView.swift; sourceTree = "<group>"; };
		4F8174CB25CC2C750023383D /* Assets.xcassets */ = {isa = PBXFileReference; lastKnownFileType = folder.assetcatalog; path = Assets.xcassets; sourceTree = "<group>"; };
		4F8174CE25CC2C750023383D /* Preview Assets.xcassets */ = {isa = PBXFileReference; lastKnownFileType = folder.assetcatalog; path = "Preview Assets.xcassets"; sourceTree = "<group>"; };
		4F8174D025CC2C750023383D /* Info.plist */ = {isa = PBXFileReference; lastKnownFileType = text.plist.xml; path = Info.plist; sourceTree = "<group>"; };
		4F8174DF25CC2D730023383D /* Conductor.swift */ = {isa = PBXFileReference; lastKnownFileType = sourcecode.swift; path = Conductor.swift; sourceTree = "<group>"; };
		4F8174E925CC2DF10023383D /* TapView.swift */ = {isa = PBXFileReference; lastKnownFileType = sourcecode.swift; path = TapView.swift; sourceTree = "<group>"; };
		4F8174EC25CC2E110023383D /* AmplitudeView.swift */ = {isa = PBXFileReference; lastKnownFileType = sourcecode.swift; path = AmplitudeView.swift; sourceTree = "<group>"; };
		4F8174EF25CC2E210023383D /* AmplitudeExampleView.swift */ = {isa = PBXFileReference; lastKnownFileType = sourcecode.swift; path = AmplitudeExampleView.swift; sourceTree = "<group>"; };
		4F8174F225CC2E380023383D /* FilterView.swift */ = {isa = PBXFileReference; lastKnownFileType = sourcecode.swift; path = FilterView.swift; sourceTree = "<group>"; };
		4F8174F525CC2E460023383D /* FilterExampleView.swift */ = {isa = PBXFileReference; lastKnownFileType = sourcecode.swift; path = FilterExampleView.swift; sourceTree = "<group>"; };
		4F8174F825CC2E620023383D /* SpectrogramView.swift */ = {isa = PBXFileReference; lastKnownFileType = sourcecode.swift; path = SpectrogramView.swift; sourceTree = "<group>"; };
		4F8174FB25CC2E700023383D /* SpectrogramExampleView.swift */ = {isa = PBXFileReference; lastKnownFileType = sourcecode.swift; path = SpectrogramExampleView.swift; sourceTree = "<group>"; };
		4F8174FE25CC2E880023383D /* SpectrumView.swift */ = {isa = PBXFileReference; lastKnownFileType = sourcecode.swift; path = SpectrumView.swift; sourceTree = "<group>"; };
		4F81750125CC2E9A0023383D /* SpectrumPopupView.swift */ = {isa = PBXFileReference; lastKnownFileType = sourcecode.swift; path = SpectrumPopupView.swift; sourceTree = "<group>"; };
		4F81750425CC2EA90023383D /* CircleCursorView.swift */ = {isa = PBXFileReference; lastKnownFileType = sourcecode.swift; path = CircleCursorView.swift; sourceTree = "<group>"; };
		4F81750725CC2EB90023383D /* SpectrumExampleView.swift */ = {isa = PBXFileReference; lastKnownFileType = sourcecode.swift; path = SpectrumExampleView.swift; sourceTree = "<group>"; };
		4F81750A25CC2EEA0023383D /* WavetableView.swift */ = {isa = PBXFileReference; lastKnownFileType = sourcecode.swift; path = WavetableView.swift; sourceTree = "<group>"; };
		4F81750D25CC2EFD0023383D /* WavetableExampleView.swift */ = {isa = PBXFileReference; lastKnownFileType = sourcecode.swift; path = WavetableExampleView.swift; sourceTree = "<group>"; };
		4F81751025CC2F290023383D /* FFTView.swift */ = {isa = PBXFileReference; lastKnownFileType = sourcecode.swift; path = FFTView.swift; sourceTree = "<group>"; };
		4F81751325CC2F360023383D /* FFTExampleView.swift */ = {isa = PBXFileReference; lastKnownFileType = sourcecode.swift; path = FFTExampleView.swift; sourceTree = "<group>"; };
		4F81751725CC2F6B0023383D /* MorphableShape.swift */ = {isa = PBXFileReference; lastKnownFileType = sourcecode.swift; path = MorphableShape.swift; sourceTree = "<group>"; };
		4F81751A25CC2F7C0023383D /* ColorHelpers.swift */ = {isa = PBXFileReference; lastKnownFileType = sourcecode.swift; path = ColorHelpers.swift; sourceTree = "<group>"; };
		4F81751E25CC2FCA0023383D /* customosc.h */ = {isa = PBXFileReference; lastKnownFileType = sourcecode.c.h; path = customosc.h; sourceTree = "<group>"; };
		4F81751F25CC2FCA0023383D /* customosc.c */ = {isa = PBXFileReference; lastKnownFileType = sourcecode.c.c; path = customosc.c; sourceTree = "<group>"; };
		4F81752225CC2FF70023383D /* CustomOscillator.swift */ = {isa = PBXFileReference; lastKnownFileType = sourcecode.swift; path = CustomOscillator.swift; sourceTree = "<group>"; };
		4F81752525CC302C0023383D /* CustomOscillatorDSP.mm */ = {isa = PBXFileReference; lastKnownFileType = sourcecode.cpp.objcpp; path = CustomOscillatorDSP.mm; sourceTree = "<group>"; };
		4F9CAD3025DFEA2B00BEA393 /* CPHelpers.swift */ = {isa = PBXFileReference; lastKnownFileType = sourcecode.swift; path = CPHelpers.swift; sourceTree = "<group>"; };
		4FACB49125DB5DA600CF2370 /* WavetableHelpers.swift */ = {isa = PBXFileReference; lastKnownFileType = sourcecode.swift; path = WavetableHelpers.swift; sourceTree = "<group>"; };
		4FACB49425DB659A00CF2370 /* AudioAnalysisHelpers.swift */ = {isa = PBXFileReference; lastKnownFileType = sourcecode.swift; path = AudioAnalysisHelpers.swift; sourceTree = "<group>"; };
		4FB053DE25D40DD500E6F450 /* RepeatingTimer.swift */ = {isa = PBXFileReference; lastKnownFileType = sourcecode.swift; path = RepeatingTimer.swift; sourceTree = "<group>"; };
		4FF23FF825D2C2B1002EC8C1 /* WavetableArrayExampleView.swift */ = {isa = PBXFileReference; lastKnownFileType = sourcecode.swift; path = WavetableArrayExampleView.swift; sourceTree = "<group>"; };
		FA3827F825E353E6006C4377 /* RollingAudioPlayerView.swift */ = {isa = PBXFileReference; lastKnownFileType = sourcecode.swift; path = RollingAudioPlayerView.swift; sourceTree = "<group>"; };
		FA3827FC25E35637006C4377 /* RollingAudioPlayerExampleView.swift */ = {isa = PBXFileReference; lastKnownFileType = sourcecode.swift; path = RollingAudioPlayerExampleView.swift; sourceTree = "<group>"; };
		FAA2D24B25D83B8900279A11 /* AudioPlayerView.swift */ = {isa = PBXFileReference; lastKnownFileType = sourcecode.swift; path = AudioPlayerView.swift; sourceTree = "<group>"; };
		FAA8AE9F25D851390003C64D /* AudioPlayerExampleView.swift */ = {isa = PBXFileReference; lastKnownFileType = sourcecode.swift; path = AudioPlayerExampleView.swift; sourceTree = "<group>"; };
		FAFB4C0125D22BDE00F64CB1 /* WavetableArrayView.swift */ = {isa = PBXFileReference; lastKnownFileType = sourcecode.swift; path = WavetableArrayView.swift; sourceTree = "<group>"; };
/* End PBXFileReference section */

/* Begin PBXFrameworksBuildPhase section */
		4F8174C125CC2C750023383D /* Frameworks */ = {
			isa = PBXFrameworksBuildPhase;
			buildActionMask = 2147483647;
			files = (
				4F8174DD25CC2D0C0023383D /* AudioKitUI in Frameworks */,
				4F81752E25CC39750023383D /* Numerics in Frameworks */,
				4F8174D925CC2CED0023383D /* AudioKit in Frameworks */,
				4F9CAD3525E0A0D700BEA393 /* Marquee in Frameworks */,
			);
			runOnlyForDeploymentPostprocessing = 0;
		};
/* End PBXFrameworksBuildPhase section */

/* Begin PBXGroup section */
		4F07C0F225E98EF7009A5B73 /* Modulation */ = {
			isa = PBXGroup;
			children = (
				4F07C0F325E98F05009A5B73 /* Modulation.swift */,
			);
			path = Modulation;
			sourceTree = "<group>";
		};
		4F35978125D564A0001340E4 /* AudioFileView */ = {
			isa = PBXGroup;
			children = (
				4F35978225D564B9001340E4 /* AudioFileView.swift */,
				4F21179425D5675A002DFB62 /* AudioFileExampleView.swift */,
			);
			path = AudioFileView;
			sourceTree = "<group>";
		};
		4F43E06225E7E7BE00196594 /* TestAudio */ = {
			isa = PBXGroup;
			children = (
				4F43E06325E7E7BE00196594 /* Tracks */,
				4F43E06A25E7E7BE00196594 /* Waveforms */,
			);
			path = TestAudio;
			sourceTree = "<group>";
		};
		4F43E06325E7E7BE00196594 /* Tracks */ = {
			isa = PBXGroup;
			children = (
				4F43E06425E7E7BE00196594 /* LittleThings.mp3 */,
				4F43E06625E7E7BE00196594 /* AnyKindOfWay.mp3 */,
				4F43E06725E7E7BE00196594 /* Break Loose.mp3 */,
				4F43E06825E7E7BE00196594 /* Smoove Operator.mp3 */,
			);
			path = Tracks;
			sourceTree = "<group>";
		};
		4F43E06A25E7E7BE00196594 /* Waveforms */ = {
			isa = PBXGroup;
			children = (
				4F43E06B25E7E7BE00196594 /* Sludgecrank.wav */,
			);
			path = Waveforms;
			sourceTree = "<group>";
		};
		4F8174BB25CC2C750023383D = {
			isa = PBXGroup;
			children = (
				4F8174C625CC2C750023383D /* AudioRecipes */,
				4F8174C525CC2C750023383D /* Products */,
			);
			sourceTree = "<group>";
		};
		4F8174C525CC2C750023383D /* Products */ = {
			isa = PBXGroup;
			children = (
				4F8174C425CC2C750023383D /* AudioRecipes.app */,
			);
			name = Products;
			sourceTree = "<group>";
		};
		4F8174C625CC2C750023383D /* AudioRecipes */ = {
			isa = PBXGroup;
			children = (
				4F07C0F225E98EF7009A5B73 /* Modulation */,
				4F43E06225E7E7BE00196594 /* TestAudio */,
				4F21179725D5BC67002DFB62 /* AudioRecipes.entitlements */,
				4F8174C725CC2C750023383D /* AudioRecipesApp.swift */,
				4F8174C925CC2C750023383D /* ContentView.swift */,
				4F8174DF25CC2D730023383D /* Conductor.swift */,
				4F81751D25CC2F900023383D /* CustomOscillator */,
				4F8174E225CC2DA20023383D /* Views */,
				4F8174CB25CC2C750023383D /* Assets.xcassets */,
				4F8174D025CC2C750023383D /* Info.plist */,
				4F8174CD25CC2C750023383D /* Preview Content */,
			);
			path = AudioRecipes;
			sourceTree = "<group>";
		};
		4F8174CD25CC2C750023383D /* Preview Content */ = {
			isa = PBXGroup;
			children = (
				4F8174CE25CC2C750023383D /* Preview Assets.xcassets */,
			);
			path = "Preview Content";
			sourceTree = "<group>";
		};
		4F8174E225CC2DA20023383D /* Views */ = {
			isa = PBXGroup;
			children = (
				FA3827F725E353C2006C4377 /* RollingAudioPlayerView */,
				FAA2D24A25D83B6D00279A11 /* AudioPlayerView */,
				FAFB4C0025D22B9E00F64CB1 /* WavetableArrayView */,
				4F81751625CC2F5A0023383D /* Helpers */,
				4F8174E825CC2DDB0023383D /* WavetableView */,
				4F8174E725CC2DD20023383D /* SpectrumView */,
				4F8174E625CC2DC80023383D /* SpectrogramView */,
				4F8174E525CC2DBC0023383D /* FFTView */,
				4F8174E425CC2DB40023383D /* FilterView */,
				4F8174E325CC2DAB0023383D /* AmplitudeView */,
				4F8174E925CC2DF10023383D /* TapView.swift */,
			);
			path = Views;
			sourceTree = "<group>";
		};
		4F8174E325CC2DAB0023383D /* AmplitudeView */ = {
			isa = PBXGroup;
			children = (
				4F8174EC25CC2E110023383D /* AmplitudeView.swift */,
				4F8174EF25CC2E210023383D /* AmplitudeExampleView.swift */,
			);
			path = AmplitudeView;
			sourceTree = "<group>";
		};
		4F8174E425CC2DB40023383D /* FilterView */ = {
			isa = PBXGroup;
			children = (
				4F8174F225CC2E380023383D /* FilterView.swift */,
				4F8174F525CC2E460023383D /* FilterExampleView.swift */,
			);
			path = FilterView;
			sourceTree = "<group>";
		};
		4F8174E525CC2DBC0023383D /* FFTView */ = {
			isa = PBXGroup;
			children = (
				4F81751025CC2F290023383D /* FFTView.swift */,
				4F81751325CC2F360023383D /* FFTExampleView.swift */,
			);
			path = FFTView;
			sourceTree = "<group>";
		};
		4F8174E625CC2DC80023383D /* SpectrogramView */ = {
			isa = PBXGroup;
			children = (
				4F8174F825CC2E620023383D /* SpectrogramView.swift */,
				4F8174FB25CC2E700023383D /* SpectrogramExampleView.swift */,
			);
			path = SpectrogramView;
			sourceTree = "<group>";
		};
		4F8174E725CC2DD20023383D /* SpectrumView */ = {
			isa = PBXGroup;
			children = (
				4F8174FE25CC2E880023383D /* SpectrumView.swift */,
				4F81750125CC2E9A0023383D /* SpectrumPopupView.swift */,
				4F81750425CC2EA90023383D /* CircleCursorView.swift */,
				4F81750725CC2EB90023383D /* SpectrumExampleView.swift */,
			);
			path = SpectrumView;
			sourceTree = "<group>";
		};
		4F8174E825CC2DDB0023383D /* WavetableView */ = {
			isa = PBXGroup;
			children = (
				4F81750A25CC2EEA0023383D /* WavetableView.swift */,
				4F81750D25CC2EFD0023383D /* WavetableExampleView.swift */,
			);
			path = WavetableView;
			sourceTree = "<group>";
		};
		4F81751625CC2F5A0023383D /* Helpers */ = {
			isa = PBXGroup;
			children = (
				4F81751725CC2F6B0023383D /* MorphableShape.swift */,
				4F81751A25CC2F7C0023383D /* ColorHelpers.swift */,
				4FB053DE25D40DD500E6F450 /* RepeatingTimer.swift */,
				4FACB49125DB5DA600CF2370 /* WavetableHelpers.swift */,
				4FACB49425DB659A00CF2370 /* AudioAnalysisHelpers.swift */,
				4F9CAD3025DFEA2B00BEA393 /* CPHelpers.swift */,
			);
			path = Helpers;
			sourceTree = "<group>";
		};
		4F81751D25CC2F900023383D /* CustomOscillator */ = {
			isa = PBXGroup;
			children = (
				4F81751E25CC2FCA0023383D /* customosc.h */,
				4F81751F25CC2FCA0023383D /* customosc.c */,
				4F81752225CC2FF70023383D /* CustomOscillator.swift */,
				4F81752525CC302C0023383D /* CustomOscillatorDSP.mm */,
			);
			path = CustomOscillator;
			sourceTree = "<group>";
		};
		FA3827F725E353C2006C4377 /* RollingAudioPlayerView */ = {
			isa = PBXGroup;
			children = (
				FA3827F825E353E6006C4377 /* RollingAudioPlayerView.swift */,
				FA3827FC25E35637006C4377 /* RollingAudioPlayerExampleView.swift */,
			);
			path = RollingAudioPlayerView;
			sourceTree = "<group>";
		};
		FAA2D24A25D83B6D00279A11 /* AudioPlayerView */ = {
			isa = PBXGroup;
			children = (
				4F35978125D564A0001340E4 /* AudioFileView */,
				FAA2D24B25D83B8900279A11 /* AudioPlayerView.swift */,
				FAA8AE9F25D851390003C64D /* AudioPlayerExampleView.swift */,
			);
			path = AudioPlayerView;
			sourceTree = "<group>";
		};
		FAFB4C0025D22B9E00F64CB1 /* WavetableArrayView */ = {
			isa = PBXGroup;
			children = (
				FAFB4C0125D22BDE00F64CB1 /* WavetableArrayView.swift */,
				4FF23FF825D2C2B1002EC8C1 /* WavetableArrayExampleView.swift */,
			);
			path = WavetableArrayView;
			sourceTree = "<group>";
		};
/* End PBXGroup section */

/* Begin PBXNativeTarget section */
		4F8174C325CC2C750023383D /* AudioRecipes */ = {
			isa = PBXNativeTarget;
			buildConfigurationList = 4F8174D325CC2C750023383D /* Build configuration list for PBXNativeTarget "AudioRecipes" */;
			buildPhases = (
				4F8174C025CC2C750023383D /* Sources */,
				4F8174C125CC2C750023383D /* Frameworks */,
				4F8174C225CC2C750023383D /* Resources */,
			);
			buildRules = (
			);
			dependencies = (
			);
			name = AudioRecipes;
			packageProductDependencies = (
				4F8174D825CC2CED0023383D /* AudioKit */,
				4F8174DC25CC2D0C0023383D /* AudioKitUI */,
				4F81752D25CC39750023383D /* Numerics */,
				4F9CAD3425E0A0D700BEA393 /* Marquee */,
			);
			productName = AudioRecipes;
			productReference = 4F8174C425CC2C750023383D /* AudioRecipes.app */;
			productType = "com.apple.product-type.application";
		};
/* End PBXNativeTarget section */

/* Begin PBXProject section */
		4F8174BC25CC2C750023383D /* Project object */ = {
			isa = PBXProject;
			attributes = {
				LastSwiftUpdateCheck = 1240;
				LastUpgradeCheck = 1240;
				TargetAttributes = {
					4F8174C325CC2C750023383D = {
						CreatedOnToolsVersion = 12.4;
						LastSwiftMigration = 1240;
					};
				};
			};
			buildConfigurationList = 4F8174BF25CC2C750023383D /* Build configuration list for PBXProject "AudioRecipes" */;
			compatibilityVersion = "Xcode 9.3";
			developmentRegion = en;
			hasScannedForEncodings = 0;
			knownRegions = (
				en,
				Base,
			);
			mainGroup = 4F8174BB25CC2C750023383D;
			packageReferences = (
				4F8174D725CC2CED0023383D /* XCRemoteSwiftPackageReference "AudioKit" */,
				4F8174DB25CC2D0C0023383D /* XCRemoteSwiftPackageReference "AudioKitUI" */,
				4F81752C25CC39750023383D /* XCRemoteSwiftPackageReference "swift-numerics" */,
				4F9CAD3325E0A0D700BEA393 /* XCRemoteSwiftPackageReference "Marquee" */,
			);
			productRefGroup = 4F8174C525CC2C750023383D /* Products */;
			projectDirPath = "";
			projectRoot = "";
			targets = (
				4F8174C325CC2C750023383D /* AudioRecipes */,
			);
		};
/* End PBXProject section */

/* Begin PBXResourcesBuildPhase section */
		4F8174C225CC2C750023383D /* Resources */ = {
			isa = PBXResourcesBuildPhase;
			buildActionMask = 2147483647;
			files = (
				4F8174CF25CC2C750023383D /* Preview Assets.xcassets in Resources */,
				4F43E06C25E7E7BE00196594 /* LittleThings.mp3 in Resources */,
				4F43E07225E7E7BE00196594 /* Sludgecrank.wav in Resources */,
				4F43E06E25E7E7BE00196594 /* AnyKindOfWay.mp3 in Resources */,
				4F43E06F25E7E7BE00196594 /* Break Loose.mp3 in Resources */,
				4F8174CC25CC2C750023383D /* Assets.xcassets in Resources */,
				4F43E07025E7E7BE00196594 /* Smoove Operator.mp3 in Resources */,
			);
			runOnlyForDeploymentPostprocessing = 0;
		};
/* End PBXResourcesBuildPhase section */

/* Begin PBXSourcesBuildPhase section */
		4F8174C025CC2C750023383D /* Sources */ = {
			isa = PBXSourcesBuildPhase;
			buildActionMask = 2147483647;
			files = (
				4F81750225CC2E9A0023383D /* SpectrumPopupView.swift in Sources */,
				FAA8AEA025D851390003C64D /* AudioPlayerExampleView.swift in Sources */,
				4F8174F325CC2E380023383D /* FilterView.swift in Sources */,
				4F81750825CC2EB90023383D /* SpectrumExampleView.swift in Sources */,
				4F81751825CC2F6B0023383D /* MorphableShape.swift in Sources */,
				4F81751125CC2F290023383D /* FFTView.swift in Sources */,
				4F8174FC25CC2E700023383D /* SpectrogramExampleView.swift in Sources */,
				4F81752625CC302C0023383D /* CustomOscillatorDSP.mm in Sources */,
				FA3827F925E353E6006C4377 /* RollingAudioPlayerView.swift in Sources */,
				4F8174EA25CC2DF10023383D /* TapView.swift in Sources */,
				4F35978325D564B9001340E4 /* AudioFileView.swift in Sources */,
				4F07C0F425E98F05009A5B73 /* Modulation.swift in Sources */,
				4F81751425CC2F360023383D /* FFTExampleView.swift in Sources */,
				4F8174FF25CC2E880023383D /* SpectrumView.swift in Sources */,
				4F81750B25CC2EEA0023383D /* WavetableView.swift in Sources */,
				4F81750E25CC2EFD0023383D /* WavetableExampleView.swift in Sources */,
				4F9CAD3125DFEA2B00BEA393 /* CPHelpers.swift in Sources */,
				4F81752025CC2FCA0023383D /* customosc.c in Sources */,
				4F21179525D5675A002DFB62 /* AudioFileExampleView.swift in Sources */,
				4F8174CA25CC2C750023383D /* ContentView.swift in Sources */,
				4F8174E025CC2D730023383D /* Conductor.swift in Sources */,
				FA3827FD25E35637006C4377 /* RollingAudioPlayerExampleView.swift in Sources */,
				4FB053DF25D40DD500E6F450 /* RepeatingTimer.swift in Sources */,
				4FACB49225DB5DA600CF2370 /* WavetableHelpers.swift in Sources */,
				4F81752325CC2FF80023383D /* CustomOscillator.swift in Sources */,
				FAFB4C0225D22BDE00F64CB1 /* WavetableArrayView.swift in Sources */,
				4F8174C825CC2C750023383D /* AudioRecipesApp.swift in Sources */,
				4F8174ED25CC2E110023383D /* AmplitudeView.swift in Sources */,
				4F81750525CC2EA90023383D /* CircleCursorView.swift in Sources */,
				4F8174F025CC2E210023383D /* AmplitudeExampleView.swift in Sources */,
				FAA2D24C25D83B8900279A11 /* AudioPlayerView.swift in Sources */,
				4F8174F925CC2E620023383D /* SpectrogramView.swift in Sources */,
				4F8174F625CC2E460023383D /* FilterExampleView.swift in Sources */,
				4F81751B25CC2F7C0023383D /* ColorHelpers.swift in Sources */,
				4FACB49525DB659A00CF2370 /* AudioAnalysisHelpers.swift in Sources */,
				4FF23FF925D2C2B1002EC8C1 /* WavetableArrayExampleView.swift in Sources */,
			);
			runOnlyForDeploymentPostprocessing = 0;
		};
/* End PBXSourcesBuildPhase section */

/* Begin XCBuildConfiguration section */
		4F8174D125CC2C750023383D /* Debug */ = {
			isa = XCBuildConfiguration;
			buildSettings = {
				ALWAYS_SEARCH_USER_PATHS = NO;
				CLANG_ANALYZER_NONNULL = YES;
				CLANG_ANALYZER_NUMBER_OBJECT_CONVERSION = YES_AGGRESSIVE;
				CLANG_CXX_LANGUAGE_STANDARD = "gnu++14";
				CLANG_CXX_LIBRARY = "libc++";
				CLANG_ENABLE_MODULES = YES;
				CLANG_ENABLE_OBJC_ARC = YES;
				CLANG_ENABLE_OBJC_WEAK = YES;
				CLANG_WARN_BLOCK_CAPTURE_AUTORELEASING = YES;
				CLANG_WARN_BOOL_CONVERSION = YES;
				CLANG_WARN_COMMA = YES;
				CLANG_WARN_CONSTANT_CONVERSION = YES;
				CLANG_WARN_DEPRECATED_OBJC_IMPLEMENTATIONS = YES;
				CLANG_WARN_DIRECT_OBJC_ISA_USAGE = YES_ERROR;
				CLANG_WARN_DOCUMENTATION_COMMENTS = YES;
				CLANG_WARN_EMPTY_BODY = YES;
				CLANG_WARN_ENUM_CONVERSION = YES;
				CLANG_WARN_INFINITE_RECURSION = YES;
				CLANG_WARN_INT_CONVERSION = YES;
				CLANG_WARN_NON_LITERAL_NULL_CONVERSION = YES;
				CLANG_WARN_OBJC_IMPLICIT_RETAIN_SELF = YES;
				CLANG_WARN_OBJC_LITERAL_CONVERSION = YES;
				CLANG_WARN_OBJC_ROOT_CLASS = YES_ERROR;
				CLANG_WARN_QUOTED_INCLUDE_IN_FRAMEWORK_HEADER = YES;
				CLANG_WARN_RANGE_LOOP_ANALYSIS = YES;
				CLANG_WARN_STRICT_PROTOTYPES = YES;
				CLANG_WARN_SUSPICIOUS_MOVE = YES;
				CLANG_WARN_UNGUARDED_AVAILABILITY = YES_AGGRESSIVE;
				CLANG_WARN_UNREACHABLE_CODE = YES;
				CLANG_WARN__DUPLICATE_METHOD_MATCH = YES;
				COPY_PHASE_STRIP = NO;
				DEBUG_INFORMATION_FORMAT = dwarf;
				ENABLE_STRICT_OBJC_MSGSEND = YES;
				ENABLE_TESTABILITY = YES;
				GCC_C_LANGUAGE_STANDARD = gnu11;
				GCC_DYNAMIC_NO_PIC = NO;
				GCC_NO_COMMON_BLOCKS = YES;
				GCC_OPTIMIZATION_LEVEL = 0;
				GCC_PREPROCESSOR_DEFINITIONS = (
					"DEBUG=1",
					"$(inherited)",
				);
				GCC_WARN_64_TO_32_BIT_CONVERSION = YES;
				GCC_WARN_ABOUT_RETURN_TYPE = YES_ERROR;
				GCC_WARN_UNDECLARED_SELECTOR = YES;
				GCC_WARN_UNINITIALIZED_AUTOS = YES_AGGRESSIVE;
				GCC_WARN_UNUSED_FUNCTION = YES;
				GCC_WARN_UNUSED_VARIABLE = YES;
				IPHONEOS_DEPLOYMENT_TARGET = 14.4;
				MTL_ENABLE_DEBUG_INFO = INCLUDE_SOURCE;
				MTL_FAST_MATH = YES;
				ONLY_ACTIVE_ARCH = YES;
				SDKROOT = iphoneos;
				SWIFT_ACTIVE_COMPILATION_CONDITIONS = DEBUG;
				SWIFT_OPTIMIZATION_LEVEL = "-Onone";
			};
			name = Debug;
		};
		4F8174D225CC2C750023383D /* Release */ = {
			isa = XCBuildConfiguration;
			buildSettings = {
				ALWAYS_SEARCH_USER_PATHS = NO;
				CLANG_ANALYZER_NONNULL = YES;
				CLANG_ANALYZER_NUMBER_OBJECT_CONVERSION = YES_AGGRESSIVE;
				CLANG_CXX_LANGUAGE_STANDARD = "gnu++14";
				CLANG_CXX_LIBRARY = "libc++";
				CLANG_ENABLE_MODULES = YES;
				CLANG_ENABLE_OBJC_ARC = YES;
				CLANG_ENABLE_OBJC_WEAK = YES;
				CLANG_WARN_BLOCK_CAPTURE_AUTORELEASING = YES;
				CLANG_WARN_BOOL_CONVERSION = YES;
				CLANG_WARN_COMMA = YES;
				CLANG_WARN_CONSTANT_CONVERSION = YES;
				CLANG_WARN_DEPRECATED_OBJC_IMPLEMENTATIONS = YES;
				CLANG_WARN_DIRECT_OBJC_ISA_USAGE = YES_ERROR;
				CLANG_WARN_DOCUMENTATION_COMMENTS = YES;
				CLANG_WARN_EMPTY_BODY = YES;
				CLANG_WARN_ENUM_CONVERSION = YES;
				CLANG_WARN_INFINITE_RECURSION = YES;
				CLANG_WARN_INT_CONVERSION = YES;
				CLANG_WARN_NON_LITERAL_NULL_CONVERSION = YES;
				CLANG_WARN_OBJC_IMPLICIT_RETAIN_SELF = YES;
				CLANG_WARN_OBJC_LITERAL_CONVERSION = YES;
				CLANG_WARN_OBJC_ROOT_CLASS = YES_ERROR;
				CLANG_WARN_QUOTED_INCLUDE_IN_FRAMEWORK_HEADER = YES;
				CLANG_WARN_RANGE_LOOP_ANALYSIS = YES;
				CLANG_WARN_STRICT_PROTOTYPES = YES;
				CLANG_WARN_SUSPICIOUS_MOVE = YES;
				CLANG_WARN_UNGUARDED_AVAILABILITY = YES_AGGRESSIVE;
				CLANG_WARN_UNREACHABLE_CODE = YES;
				CLANG_WARN__DUPLICATE_METHOD_MATCH = YES;
				COPY_PHASE_STRIP = NO;
				DEBUG_INFORMATION_FORMAT = "dwarf-with-dsym";
				ENABLE_NS_ASSERTIONS = NO;
				ENABLE_STRICT_OBJC_MSGSEND = YES;
				GCC_C_LANGUAGE_STANDARD = gnu11;
				GCC_NO_COMMON_BLOCKS = YES;
				GCC_WARN_64_TO_32_BIT_CONVERSION = YES;
				GCC_WARN_ABOUT_RETURN_TYPE = YES_ERROR;
				GCC_WARN_UNDECLARED_SELECTOR = YES;
				GCC_WARN_UNINITIALIZED_AUTOS = YES_AGGRESSIVE;
				GCC_WARN_UNUSED_FUNCTION = YES;
				GCC_WARN_UNUSED_VARIABLE = YES;
				IPHONEOS_DEPLOYMENT_TARGET = 14.4;
				MTL_ENABLE_DEBUG_INFO = NO;
				MTL_FAST_MATH = YES;
				SDKROOT = iphoneos;
				SWIFT_COMPILATION_MODE = wholemodule;
				SWIFT_OPTIMIZATION_LEVEL = "-O";
				VALIDATE_PRODUCT = YES;
			};
			name = Release;
		};
		4F8174D425CC2C750023383D /* Debug */ = {
			isa = XCBuildConfiguration;
			buildSettings = {
				ASSETCATALOG_COMPILER_APPICON_NAME = AppIcon;
				ASSETCATALOG_COMPILER_GLOBAL_ACCENT_COLOR_NAME = AccentColor;
				CLANG_ENABLE_MODULES = YES;
				CODE_SIGN_ENTITLEMENTS = AudioRecipes/AudioRecipes.entitlements;
				CODE_SIGN_STYLE = Automatic;
				DEVELOPMENT_ASSET_PATHS = "\"AudioRecipes/Preview Content\"";
				DEVELOPMENT_TEAM = L2FL95P32D;
				ENABLE_PREVIEWS = YES;
				INFOPLIST_FILE = AudioRecipes/Info.plist;
				IPHONEOS_DEPLOYMENT_TARGET = 14.0;
				LD_RUNPATH_SEARCH_PATHS = (
					"$(inherited)",
					"@executable_path/Frameworks",
				);
				PRODUCT_BUNDLE_IDENTIFIER = com.MattPfeiffer.AudioRecipes;
				PRODUCT_NAME = "$(TARGET_NAME)";
				SUPPORTS_MACCATALYST = YES;
				SWIFT_OPTIMIZATION_LEVEL = "-Onone";
				SWIFT_VERSION = 5.0;
				TARGETED_DEVICE_FAMILY = "1,2";
			};
			name = Debug;
		};
		4F8174D525CC2C750023383D /* Release */ = {
			isa = XCBuildConfiguration;
			buildSettings = {
				ASSETCATALOG_COMPILER_APPICON_NAME = AppIcon;
				ASSETCATALOG_COMPILER_GLOBAL_ACCENT_COLOR_NAME = AccentColor;
				CLANG_ENABLE_MODULES = YES;
				CODE_SIGN_ENTITLEMENTS = AudioRecipes/AudioRecipes.entitlements;
				CODE_SIGN_STYLE = Automatic;
				DEVELOPMENT_ASSET_PATHS = "\"AudioRecipes/Preview Content\"";
				DEVELOPMENT_TEAM = L2FL95P32D;
				ENABLE_PREVIEWS = YES;
				INFOPLIST_FILE = AudioRecipes/Info.plist;
				IPHONEOS_DEPLOYMENT_TARGET = 14.0;
				LD_RUNPATH_SEARCH_PATHS = (
					"$(inherited)",
					"@executable_path/Frameworks",
				);
				PRODUCT_BUNDLE_IDENTIFIER = com.MattPfeiffer.AudioRecipes;
				PRODUCT_NAME = "$(TARGET_NAME)";
				SUPPORTS_MACCATALYST = YES;
				SWIFT_VERSION = 5.0;
				TARGETED_DEVICE_FAMILY = "1,2";
			};
			name = Release;
		};
/* End XCBuildConfiguration section */

/* Begin XCConfigurationList section */
		4F8174BF25CC2C750023383D /* Build configuration list for PBXProject "AudioRecipes" */ = {
			isa = XCConfigurationList;
			buildConfigurations = (
				4F8174D125CC2C750023383D /* Debug */,
				4F8174D225CC2C750023383D /* Release */,
			);
			defaultConfigurationIsVisible = 0;
			defaultConfigurationName = Release;
		};
		4F8174D325CC2C750023383D /* Build configuration list for PBXNativeTarget "AudioRecipes" */ = {
			isa = XCConfigurationList;
			buildConfigurations = (
				4F8174D425CC2C750023383D /* Debug */,
				4F8174D525CC2C750023383D /* Release */,
			);
			defaultConfigurationIsVisible = 0;
			defaultConfigurationName = Release;
		};
/* End XCConfigurationList section */

/* Begin XCRemoteSwiftPackageReference section */
		4F8174D725CC2CED0023383D /* XCRemoteSwiftPackageReference "AudioKit" */ = {
			isa = XCRemoteSwiftPackageReference;
			repositoryURL = "https://github.com/AudioKit/AudioKit.git";
			requirement = {
				branch = "v5-develop";
				kind = branch;
			};
		};
		4F8174DB25CC2D0C0023383D /* XCRemoteSwiftPackageReference "AudioKitUI" */ = {
			isa = XCRemoteSwiftPackageReference;
			repositoryURL = "https://github.com/AudioKit/AudioKitUI.git";
			requirement = {
				branch = develop;
				kind = branch;
			};
		};
		4F81752C25CC39750023383D /* XCRemoteSwiftPackageReference "swift-numerics" */ = {
			isa = XCRemoteSwiftPackageReference;
			repositoryURL = "https://github.com/apple/swift-numerics.git";
			requirement = {
				kind = upToNextMajorVersion;
				minimumVersion = 0.0.8;
			};
		};
		4F9CAD3325E0A0D700BEA393 /* XCRemoteSwiftPackageReference "Marquee" */ = {
			isa = XCRemoteSwiftPackageReference;
			repositoryURL = "https://github.com/SwiftUIKit/Marquee";
			requirement = {
				kind = upToNextMajorVersion;
				minimumVersion = 0.2.0;
			};
		};
/* End XCRemoteSwiftPackageReference section */

/* Begin XCSwiftPackageProductDependency section */
		4F8174D825CC2CED0023383D /* AudioKit */ = {
			isa = XCSwiftPackageProductDependency;
			package = 4F8174D725CC2CED0023383D /* XCRemoteSwiftPackageReference "AudioKit" */;
			productName = AudioKit;
		};
		4F8174DC25CC2D0C0023383D /* AudioKitUI */ = {
			isa = XCSwiftPackageProductDependency;
			package = 4F8174DB25CC2D0C0023383D /* XCRemoteSwiftPackageReference "AudioKitUI" */;
			productName = AudioKitUI;
		};
		4F81752D25CC39750023383D /* Numerics */ = {
			isa = XCSwiftPackageProductDependency;
			package = 4F81752C25CC39750023383D /* XCRemoteSwiftPackageReference "swift-numerics" */;
			productName = Numerics;
		};
		4F9CAD3425E0A0D700BEA393 /* Marquee */ = {
			isa = XCSwiftPackageProductDependency;
			package = 4F9CAD3325E0A0D700BEA393 /* XCRemoteSwiftPackageReference "Marquee" */;
			productName = Marquee;
		};
/* End XCSwiftPackageProductDependency section */
	};
	rootObject = 4F8174BC25CC2C750023383D /* Project object */;
}
