{
  "object": {
    "pins": [
      {
        "package": "AudioKit",
        "repositoryURL": "https://github.com/AudioKit/AudioKit.git",
        "state": {
          "branch": "v5-develop",
          "revision": "7246057e17e9c497c1b32c7a27c09c784c284b27",
          "version": null
        }
      },
      {
        "package": "AudioKitUI",
        "repositoryURL": "https://github.com/AudioKit/AudioKitUI.git",
        "state": {
          "branch": "develop",
          "revision": "c0116820b633610d6ce793925722eb74208466b8",
          "version": null
        }
      },
      {
        "package": "swift-numerics",
        "repositoryURL": "https://github.com/apple/swift-numerics.git",
        "state": {
          "branch": null,
          "revision": "6b24333510e9044cf4716a07bed65eeed6bc6393",
          "version": "0.0.8"
        }
      }
    ]
  },
  "version": 1
}
